
Microsoft Visual Studio Solution File, Format Version 12.00
# Visual Studio Version 16
VisualStudioVersion = 25.0.1705.1
MinimumVisualStudioVersion = 10.0.40219.1
Project("{FAE04EC0-301F-11D3-BF4B-00C04F79EFBC}") = "RedMango_API", "RedMango_API.csproj", "{5532484B-6997-4BB5-BCF4-F4445E0846C9}"
EndProject
Global
	GlobalSection(SolutionConfigurationPlatforms) = preSolution
		Debug|Any CPU = Debug|Any CPU
		Release|Any CPU = Release|Any CPU
	EndGlobalSection
	GlobalSection(ProjectConfigurationPlatforms) = postSolution
		{5532484B-6997-4BB5-BCF4-F4445E0846C9}.Debug|Any CPU.ActiveCfg = Debug|Any CPU
		{5532484B-6997-4BB5-BCF4-F4445E0846C9}.Debug|Any CPU.Build.0 = Debug|Any CPU
		{5532484B-6997-4BB5-BCF4-F4445E0846C9}.Release|Any CPU.ActiveCfg = Release|Any CPU
		{5532484B-6997-4BB5-BCF4-F4445E0846C9}.Release|Any CPU.Build.0 = Release|Any CPU
	EndGlobalSection
	GlobalSection(SolutionProperties) = preSolution
		HideSolutionNode = FALSE
	EndGlobalSection
	GlobalSection(ExtensibilityGlobals) = postSolution
		SolutionGuid = {24B68CE0-B28D-4826-B257-A17194E1877A}
	EndGlobalSection
EndGlobal
